{
  "name": "angular-study-project",
  "lockfileVersion": 2,
  "requires": true,
  "packages": {
    "": {
      "dependencies": {
        "@rxweb/types": "^1.0.8"
      }
    },
    "node_modules/@rxweb/types": {
      "version": "1.0.8",
      "resolved": "https://registry.npmjs.org/@rxweb/types/-/types-1.0.8.tgz",
      "integrity": "sha512-bmmCNIcWBd2deeHV7l1SXv4VP6RONZPTFFeo5DEj7mTdi2ky9jJWLwZX16bvsyeFPfTjs9s8xiDaediidHAVlA==",
      "dependencies": {
        "tslib": "^2.0.0"
      }
    },
    "node_modules/tslib": {
      "version": "2.3.1",
      "resolved": "https://registry.npmjs.org/tslib/-/tslib-2.3.1.tgz",
      "integrity": "sha512-77EbyPPpMz+FRFRuAFlWMtmgUWGe9UOG2Z25NqCwiIjRhOf5iKGuzSe5P2w1laq+FkRy4p+PCuVkJSGkzTEKVw=="
    }
  },
  "dependencies": {
    "@rxweb/types": {
      "version": "1.0.8",
      "resolved": "https://registry.npmjs.org/@rxweb/types/-/types-1.0.8.tgz",
      "integrity": "sha512-bmmCNIcWBd2deeHV7l1SXv4VP6RONZPTFFeo5DEj7mTdi2ky9jJWLwZX16bvsyeFPfTjs9s8xiDaediidHAVlA==",
      "requires": {
        "tslib": "^2.0.0"
      }
    },
    "tslib": {
      "version": "2.3.1",
      "resolved": "https://registry.npmjs.org/tslib/-/tslib-2.3.1.tgz",
      "integrity": "sha512-77EbyPPpMz+FRFRuAFlWMtmgUWGe9UOG2Z25NqCwiIjRhOf5iKGuzSe5P2w1laq+FkRy4p+PCuVkJSGkzTEKVw=="
    }
  }
}
